# THIS IS AN AUTOGENERATED FILE. DO NOT EDIT THIS FILE DIRECTLY.
# yarn lockfile v1


base32.js@0.1.0:
  version "0.1.0"
  resolved "https://registry.yarnpkg.com/base32.js/-/base32.js-0.1.0.tgz#b582dec693c2f11e893cf064ee6ac5b6131a2202"
  integrity sha1-tYLexpPC8R6JPPBk7mrFthMaIgI=

deepmerge@^4.2.2:
  version "4.2.2"
  resolved "https://registry.yarnpkg.com/deepmerge/-/deepmerge-4.2.2.tgz#44d2ea3679b8f4d4ffba33f03d865fc1e7bf4955"
  integrity sha512-FJ3UgI4gIl+PHZm53knsuSFpE+nESMr7M4v9QcgB7S63Kj/6WqMiFQJpBBYz1Pt+66bZpP3Q7Lye0Oo9MPKEdg==

dom-serializer@^1.0.1:
  version "1.2.0"
  resolved "https://registry.yarnpkg.com/dom-serializer/-/dom-serializer-1.2.0.tgz#3433d9136aeb3c627981daa385fc7f32d27c48f1"
  integrity sha512-n6kZFH/KlCrqs/1GHMOd5i2fd/beQHuehKdWvNNffbGHTr/almdhuVvTVFb3V7fglz+nC50fFusu3lY33h12pA==
  dependencies:
    domelementtype "^2.0.1"
    domhandler "^4.0.0"
    entities "^2.0.0"

domelementtype@^2.0.1, domelementtype@^2.1.0:
  version "2.1.0"
  resolved "https://registry.yarnpkg.com/domelementtype/-/domelementtype-2.1.0.tgz#a851c080a6d1c3d94344aed151d99f669edf585e"
  integrity sha512-LsTgx/L5VpD+Q8lmsXSHW2WpA+eBlZ9HPf3erD1IoPF00/3JKHZ3BknUVA2QGDNu69ZNmyFmCWBSO45XjYKC5w==

domhandler@^3.0.0:
  version "3.3.0"
  resolved "https://registry.yarnpkg.com/domhandler/-/domhandler-3.3.0.tgz#6db7ea46e4617eb15cf875df68b2b8524ce0037a"
  integrity sha512-J1C5rIANUbuYK+FuFL98650rihynUOEzRLxW+90bKZRWB6A1X1Tf82GxR1qAWLyfNPRvjqfip3Q5tdYlmAa9lA==
  dependencies:
    domelementtype "^2.0.1"

domhandler@^4.0.0:
  version "4.0.0"
  resolved "https://registry.yarnpkg.com/domhandler/-/domhandler-4.0.0.tgz#01ea7821de996d85f69029e81fa873c21833098e"
  integrity sha512-KPTbnGQ1JeEMQyO1iYXoagsI6so/C96HZiFyByU3T6iAzpXn8EGEvct6unm1ZGoed8ByO2oirxgwxBmqKF9haA==
  dependencies:
    domelementtype "^2.1.0"

domutils@^2.0.0:
  version "2.4.4"
  resolved "https://registry.yarnpkg.com/domutils/-/domutils-2.4.4.tgz#282739c4b150d022d34699797369aad8d19bbbd3"
  integrity sha512-jBC0vOsECI4OMdD0GC9mGn7NXPLb+Qt6KW1YDQzeQYRUFKmNG8lh7mO5HiELfr+lLQE7loDVI4QcAxV80HS+RA==
  dependencies:
    dom-serializer "^1.0.1"
    domelementtype "^2.0.1"
    domhandler "^4.0.0"

encoding-japanese@1.0.30:
  version "1.0.30"
  resolved "https://registry.yarnpkg.com/encoding-japanese/-/encoding-japanese-1.0.30.tgz#537c4d62881767925d601acb4c79fb14db81703a"
  integrity sha512-bd/DFLAoJetvv7ar/KIpE3CNO8wEuyrt9Xuw6nSMiZ+Vrz/Q21BPsMHvARL2Wz6IKHKXgb+DWZqtRg1vql9cBg==

entities@^2.0.0:
  version "2.1.0"
  resolved "https://registry.yarnpkg.com/entities/-/entities-2.1.0.tgz#992d3129cf7df6870b96c57858c249a120f8b8b5"
  integrity sha512-hCx1oky9PFrJ611mf0ifBLBRW8lUUVRlFolb5gWRfIELabBlbp9xZvrqZLZAs+NxFnbfQoeGd8wDkygjg7U85w==

he@1.2.0, he@^1.2.0:
  version "1.2.0"
  resolved "https://registry.yarnpkg.com/he/-/he-1.2.0.tgz#84ae65fa7eafb165fddb61566ae14baf05664f0f"
  integrity sha512-F/1DnUGPopORZi0ni+CvrCgHQ5FyEAHRLSApuYWMmrbSwoN2Mn/7k+Gl38gJnR7yyDZk6WLXwiGod1JOWNDKGw==

html-to-text@6.0.0:
  version "6.0.0"
  resolved "https://registry.yarnpkg.com/html-to-text/-/html-to-text-6.0.0.tgz#8b48adb1b781a8378f374c5bb481864a169f59f4"
  integrity sha512-r0KNC5aqCAItsjlgtirW6RW25c92Ee3ybQj8z//4Sl4suE3HIPqM4deGpYCUJULLjtVPEP1+Ma+1ZeX1iMsCiA==
  dependencies:
    deepmerge "^4.2.2"
    he "^1.2.0"
    htmlparser2 "^4.1.0"
    lodash "^4.17.20"
    minimist "^1.2.5"

htmlparser2@^4.1.0:
  version "4.1.0"
  resolved "https://registry.yarnpkg.com/htmlparser2/-/htmlparser2-4.1.0.tgz#9a4ef161f2e4625ebf7dfbe6c0a2f52d18a59e78"
  integrity sha512-4zDq1a1zhE4gQso/c5LP1OtrhYTncXNSpvJYtWJBtXAETPlMfi3IFNjGuQbYLuVY4ZR0QMqRVvo4Pdy9KLyP8Q==
  dependencies:
    domelementtype "^2.0.1"
    domhandler "^3.0.0"
    domutils "^2.0.0"
    entities "^2.0.0"

iconv-lite@0.5.0:
  version "0.5.0"
  resolved "https://registry.yarnpkg.com/iconv-lite/-/iconv-lite-0.5.0.tgz#59cdde0a2a297cc2aeb0c6445a195ee89f127550"
  integrity sha512-NnEhI9hIEKHOzJ4f697DMz9IQEXr/MMJ5w64vN2/4Ai+wRnvV7SBrL0KLoRlwaKVghOc7LQ5YkPLuX146b6Ydw==
  dependencies:
    safer-buffer ">= 2.1.2 < 3"

iconv-lite@0.6.2:
  version "0.6.2"
  resolved "https://registry.yarnpkg.com/iconv-lite/-/iconv-lite-0.6.2.tgz#ce13d1875b0c3a674bd6a04b7f76b01b1b6ded01"
  integrity sha512-2y91h5OpQlolefMPmUlivelittSWy0rP+oYVpn6A7GwVHNE8AWzoYOBNmlwks3LobaJxgHCYZAnyNo2GgpNRNQ==
  dependencies:
    safer-buffer ">= 2.1.2 < 3.0.0"

ipv6-normalize@1.0.1:
  version "1.0.1"
  resolved "https://registry.yarnpkg.com/ipv6-normalize/-/ipv6-normalize-1.0.1.tgz#1b3258290d365fa83239e89907dde4592e7620a8"
  integrity sha1-GzJYKQ02X6gyOeiZB93kWS52IKg=

libbase64@1.2.1:
  version "1.2.1"
  resolved "https://registry.yarnpkg.com/libbase64/-/libbase64-1.2.1.tgz#fb93bf4cb6d730f29b92155b6408d1bd2176a8c8"
  integrity sha512-l+nePcPbIG1fNlqMzrh68MLkX/gTxk/+vdvAb388Ssi7UuUN31MI44w4Yf33mM3Cm4xDfw48mdf3rkdHszLNew==

libmime@4.2.1:
  version "4.2.1"
  resolved "https://registry.yarnpkg.com/libmime/-/libmime-4.2.1.tgz#d21aa5db88b131af18bf5a3caa1013da2c21a9dd"
  integrity sha512-09y7zjSc5im1aNsq815zgo4/G3DnIzym3aDOHsGq4Ee5vrX4PdgQRybAsztz9Rv0NhO+J5C0llEUloa3sUmjmA==
  dependencies:
    encoding-japanese "1.0.30"
    iconv-lite "0.5.0"
    libbase64 "1.2.1"
    libqp "1.1.0"

libmime@5.0.0:
  version "5.0.0"
  resolved "https://registry.yarnpkg.com/libmime/-/libmime-5.0.0.tgz#4759c76eb219985c5d4057b3a9359922194d9ff7"
  integrity sha512-2Bm96d5ktnE217Ib1FldvUaPAaOst6GtZrsxJCwnJgi9lnsoAKIHyU0sae8rNx6DNYbjdqqh8lv5/b9poD8qOg==
  dependencies:
    encoding-japanese "1.0.30"
    iconv-lite "0.6.2"
    libbase64 "1.2.1"
    libqp "1.1.0"

libqp@1.1.0:
  version "1.1.0"
  resolved "https://registry.yarnpkg.com/libqp/-/libqp-1.1.0.tgz#f5e6e06ad74b794fb5b5b66988bf728ef1dedbe8"
  integrity sha1-9ebgatdLeU+1tbZpiL9yjvHe2+g=

linkify-it@3.0.2:
  version "3.0.2"
  resolved "https://registry.yarnpkg.com/linkify-it/-/linkify-it-3.0.2.tgz#f55eeb8bc1d3ae754049e124ab3bb56d97797fb8"
  integrity sha512-gDBO4aHNZS6coiZCKVhSNh43F9ioIL4JwRjLZPkoLIY4yZFwg264Y5lu2x6rb1Js42Gh6Yqm2f6L2AJcnkzinQ==
  dependencies:
    uc.micro "^1.0.1"

lodash@^4.17.20:
  version "4.17.20"
  resolved "https://registry.yarnpkg.com/lodash/-/lodash-4.17.20.tgz#b44a9b6297bcb698f1c51a3545a2b3b368d59c52"
  integrity sha512-PlhdFcillOINfeV7Ni6oF1TAEayyZBoZ8bcshTHqOYJYlrqzRK5hagpagky5o4HfCzzd1TRkXPMFq6cKk9rGmA==

mailparser@^3.0.1:
  version "3.0.1"
  resolved "https://registry.yarnpkg.com/mailparser/-/mailparser-3.0.1.tgz#c186f744907143fdb155f2e8aef25dc24e498458"
  integrity sha512-bI6qE0rkyy+O2ZszMijmC6XJ67yvVeCWcZjvWj+6VOHR3FqMjYFMMsExPbFmDVxu0R0PnziYL3ZRv2l0ahCXiw==
  dependencies:
    encoding-japanese "1.0.30"
    he "1.2.0"
    html-to-text "6.0.0"
    iconv-lite "0.6.2"
    libmime "5.0.0"
    linkify-it "3.0.2"
    mailsplit "5.0.0"
    nodemailer "6.4.16"
    tlds "1.214.0"

mailsplit@5.0.0:
  version "5.0.0"
  resolved "https://registry.yarnpkg.com/mailsplit/-/mailsplit-5.0.0.tgz#0924c89142deadb75ef3825860181e436d7557a1"
  integrity sha512-HeXA0eyCKBtZqbr7uoeb3Nn2L7VV8Vm27x6/YBb0ZiNzRzLoNS2PqRgGYADwh0cBzLYtqddq40bSSirqLO2LGw==
  dependencies:
    libbase64 "1.2.1"
    libmime "4.2.1"
    libqp "1.1.0"

minimist@^1.2.5:
  version "1.2.5"
  resolved "https://registry.yarnpkg.com/minimist/-/minimist-1.2.5.tgz#67d66014b66a6a8aaa0c083c5fd58df4e4e97602"
  integrity sha512-FM9nNUYrRBAELZQT3xeZQ7fmMOBg6nWNmJKTcgsJeaLstP/UODVpGsr5OhXhhXg6f+qtJ8uiZ+PUxkDWcgIXLw==

nodemailer@6.4.16:
  version "6.4.16"
  resolved "https://registry.yarnpkg.com/nodemailer/-/nodemailer-6.4.16.tgz#5cb6391b1d79ab7eff32d6f9f48366b5a7117293"
  integrity sha512-68K0LgZ6hmZ7PVmwL78gzNdjpj5viqBdFqKrTtr9bZbJYj6BRj5W6WGkxXrEnUl3Co3CBXi3CZBUlpV/foGnOQ==

pushover-notifications@^1.2.2:
  version "1.2.2"
  resolved "https://registry.yarnpkg.com/pushover-notifications/-/pushover-notifications-1.2.2.tgz#32bd13f862bade346fe84313b695d6c34b84d69c"
  integrity sha512-+3Xcj+kiMiouZK1Ws8yGBTyl8WMPZZdELgl/iVxYqNwDdlaObBHMhEGPRC6Zb9t0BE27ikOoOqSIO1cKZOtsDA==

"safer-buffer@>= 2.1.2 < 3", "safer-buffer@>= 2.1.2 < 3.0.0":
  version "2.1.2"
  resolved "https://registry.yarnpkg.com/safer-buffer/-/safer-buffer-2.1.2.tgz#44fa161b0187b9549dd84bb91802f9bd8385cd6a"
  integrity sha512-YZo3K82SD7Riyi0E1EQPojLz7kpepnSQI9IyPbHHg1XXXevb5dJI7tpyN2ADxGcQbHG7vcyRHk0cbwqcQriUtg==

smtp-server@^3.8.0:
  version "3.8.0"
  resolved "https://registry.yarnpkg.com/smtp-server/-/smtp-server-3.8.0.tgz#21d7f3f7cee2778883c9a73e1824a657c9680565"
  integrity sha512-MuHxJj6vyInpFZTt0J8kkPHEw+VrJTYLcadu5N/8xmU0AowPdZonTptRQvYxC1MGQ5FlC1YtbtMXeeY+TV5aNg==
  dependencies:
    base32.js "0.1.0"
    ipv6-normalize "1.0.1"
    nodemailer "6.4.16"

tlds@1.214.0:
  version "1.214.0"
  resolved "https://registry.yarnpkg.com/tlds/-/tlds-1.214.0.tgz#a20191443eec26fd3339a3bd98e87a0b4f3f0d89"
  integrity sha512-+i48KYsrCkkIZnsj31cTIj9cu5NtFxKo7xlNIB7jg8kXi//b4Ertl5qaHgqFF+y+g0nFwt/k+eph2uUNQJgfwg==

uc.micro@^1.0.1:
  version "1.0.6"
  resolved "https://registry.yarnpkg.com/uc.micro/-/uc.micro-1.0.6.tgz#9c411a802a409a91fc6cf74081baba34b24499ac"
  integrity sha512-8Y75pvTYkLJW2hWQHXxoqRgV7qb9B+9vFEtidML+7koHUFapnVJAZ6cKs+Qjz5Aw3aZWHMC6u0wJE3At+nSGwA==
